<?xml version="1.0" encoding="utf-8"?>
<Project ToolsVersion="4.0" xmlns="http://schemas.microsoft.com/developer/msbuild/2003">
  <ItemGroup>
    <Filter Include="RenderSystem">
      <UniqueIdentifier>{9804302d-4d2f-4758-8f77-bcbf7eeb2bc1}</UniqueIdentifier>
    </Filter>
    <Filter Include="Display">
      <UniqueIdentifier>{b03011dd-252a-49be-a069-52f02bc43735}</UniqueIdentifier>
    </Filter>
  </ItemGroup>
  <ItemGroup>
    <ClInclude Include="RenderSystem.h">
      <Filter>RenderSystem</Filter>
    </ClInclude>
    <ClInclude Include="Display.h">
      <Filter>Display</Filter>
    </ClInclude>
  </ItemGroup>
  <ItemGroup>
    <ClCompile Include="Display.cpp">
      <Filter>Display</Filter>
    </ClCompile>
    <ClCompile Include="RenderSystem.cpp">
      <Filter>RenderSystem</Filter>
    </ClCompile>
  </ItemGroup>
</Project>