
Microsoft Visual Studio Solution File, Format Version 12.00
# Visual Studio Version 17
VisualStudioVersion = 17.11.35327.3
MinimumVisualStudioVersion = 10.0.40219.1
Project("{8BC9CEB8-8B4A-11D0-8D11-00A0C91BC942}") = "App", "App\App.vcxproj", "{9241CFFD-E25E-4A50-A0CC-6D8E442798AA}"
EndProject
Global
	GlobalSection(SolutionConfigurationPlatforms) = preSolution
		Debug|x64 = Debug|x64
		Debug|x86 = Debug|x86
		Release|x64 = Release|x64
		Release|x86 = Release|x86
	EndGlobalSection
	GlobalSection(ProjectConfigurationPlatforms) = postSolution
		{9241CFFD-E25E-4A50-A0CC-6D8E442798AA}.Debug|x64.ActiveCfg = Debug|x64
		{9241CFFD-E25E-4A50-A0CC-6D8E442798AA}.Debug|x64.Build.0 = Debug|x64
		{9241CFFD-E25E-4A50-A0CC-6D8E442798AA}.Debug|x86.ActiveCfg = Debug|Win32
		{9241CFFD-E25E-4A50-A0CC-6D8E442798AA}.Debug|x86.Build.0 = Debug|Win32
		{9241CFFD-E25E-4A50-A0CC-6D8E442798AA}.Release|x64.ActiveCfg = Release|x64
		{9241CFFD-E25E-4A50-A0CC-6D8E442798AA}.Release|x64.Build.0 = Release|x64
		{9241CFFD-E25E-4A50-A0CC-6D8E442798AA}.Release|x86.ActiveCfg = Release|Win32
		{9241CFFD-E25E-4A50-A0CC-6D8E442798AA}.Release|x86.Build.0 = Release|Win32
	EndGlobalSection
	GlobalSection(SolutionProperties) = preSolution
		HideSolutionNode = FALSE
	EndGlobalSection
	GlobalSection(ExtensibilityGlobals) = postSolution
		SolutionGuid = {21A5E134-8338-4EE9-B10F-D271A2D7EF36}
	EndGlobalSection
EndGlobal
