<?xml version="1.0" encoding="utf-8"?>
<Project ToolsVersion="4.0" xmlns="http://schemas.microsoft.com/developer/msbuild/2003">
  <ItemGroup>
    <Filter Include="Resource Files">
      <UniqueIdentifier>{67DA6AB6-F800-4c08-8B7A-83BB121AAD01}</UniqueIdentifier>
      <Extensions>rc;ico;cur;bmp;dlg;rc2;rct;bin;rgs;gif;jpg;jpeg;jpe;resx;tiff;tif;png;wav;mfcribbon-ms</Extensions>
    </Filter>
    <Filter Include="Generated">
      <UniqueIdentifier>{43e3bcfc-c5fe-4373-8fe5-b23391aea9d8}</UniqueIdentifier>
    </Filter>
    <Filter Include="App">
      <UniqueIdentifier>{67bf4967-a6d6-4c1f-b63f-6eaba5925afe}</UniqueIdentifier>
    </Filter>
    <Filter Include="MainFrame">
      <UniqueIdentifier>{93995380-89BD-4b04-88EB-625FBE52EBFB}</UniqueIdentifier>
      <Extensions>h;hh;hpp;hxx;h++;hm;inl;inc;ipp;xsd</Extensions>
    </Filter>
    <Filter Include="MainView">
      <UniqueIdentifier>{7ea1bdb7-ec16-43da-820c-7fdb6a321fae}</UniqueIdentifier>
    </Filter>
    <Filter Include="AboutDlg">
      <UniqueIdentifier>{29fd6d2e-af61-4d22-8a63-b983e86ce26e}</UniqueIdentifier>
    </Filter>
    <Filter Include="FPSCamera">
      <UniqueIdentifier>{b2648c43-c7c0-49a7-be1a-ce9714444443}</UniqueIdentifier>
    </Filter>
  </ItemGroup>
  <ItemGroup>
    <ClInclude Include="MainFrm.h">
      <Filter>MainFrame</Filter>
    </ClInclude>
    <ClInclude Include="framework.h">
      <Filter>Generated</Filter>
    </ClInclude>
    <ClInclude Include="pch.h">
      <Filter>Generated</Filter>
    </ClInclude>
    <ClInclude Include="Resource.h">
      <Filter>Generated</Filter>
    </ClInclude>
    <ClInclude Include="targetver.h">
      <Filter>Generated</Filter>
    </ClInclude>
    <ClInclude Include="App.h">
      <Filter>App</Filter>
    </ClInclude>
    <ClInclude Include="MainView.h">
      <Filter>MainView</Filter>
    </ClInclude>
    <ClInclude Include="AboutDlg.h">
      <Filter>AboutDlg</Filter>
    </ClInclude>
    <ClInclude Include="FPSCamera.h">
      <Filter>FPSCamera</Filter>
    </ClInclude>
  </ItemGroup>
  <ItemGroup>
    <ClCompile Include="pch.cpp">
      <Filter>Generated</Filter>
    </ClCompile>
    <ClCompile Include="App.cpp">
      <Filter>App</Filter>
    </ClCompile>
    <ClCompile Include="MainFrm.cpp">
      <Filter>MainFrame</Filter>
    </ClCompile>
    <ClCompile Include="MainView.cpp">
      <Filter>MainView</Filter>
    </ClCompile>
    <ClCompile Include="AboutDlg.cpp">
      <Filter>AboutDlg</Filter>
    </ClCompile>
    <ClCompile Include="FPSCamera.cpp">
      <Filter>FPSCamera</Filter>
    </ClCompile>
  </ItemGroup>
  <ItemGroup>
    <ResourceCompile Include="App.rc">
      <Filter>Resource Files</Filter>
    </ResourceCompile>
  </ItemGroup>
  <ItemGroup>
    <None Include="res\App.rc2">
      <Filter>Resource Files</Filter>
    </None>
  </ItemGroup>
  <ItemGroup>
    <Image Include="res\App.ico">
      <Filter>Resource Files</Filter>
    </Image>
  </ItemGroup>
</Project>