<?xml version="1.0" encoding="utf-8"?>
<Project ToolsVersion="4.0" xmlns="http://schemas.microsoft.com/developer/msbuild/2003">
  <ItemGroup>
    <Filter Include="Surface">
      <UniqueIdentifier>{78cab559-338a-4652-8859-37b50f24f9ab}</UniqueIdentifier>
    </Filter>
    <Filter Include="Stream">
      <UniqueIdentifier>{b0287919-5a6d-476e-baab-630a7b76af7d}</UniqueIdentifier>
    </Filter>
    <Filter Include="Event">
      <UniqueIdentifier>{86ac651e-d5e3-4c21-97be-9f3cf7ec10e6}</UniqueIdentifier>
    </Filter>
    <Filter Include="UnifiedBuffer">
      <UniqueIdentifier>{99a7a705-1090-4f3f-b729-17c679734b2a}</UniqueIdentifier>
    </Filter>
  </ItemGroup>
  <ItemGroup>
    <ClInclude Include="Surface.h">
      <Filter>Surface</Filter>
    </ClInclude>
    <ClInclude Include="Stream.h">
      <Filter>Stream</Filter>
    </ClInclude>
    <ClInclude Include="Event.h">
      <Filter>Event</Filter>
    </ClInclude>
    <ClInclude Include="UnifiedBuffer.h">
      <Filter>UnifiedBuffer</Filter>
    </ClInclude>
  </ItemGroup>
  <ItemGroup>
    <ClCompile Include="Surface.cpp">
      <Filter>Surface</Filter>
    </ClCompile>
    <ClCompile Include="Stream.cpp">
      <Filter>Stream</Filter>
    </ClCompile>
    <ClCompile Include="Event.cpp">
      <Filter>Event</Filter>
    </ClCompile>
    <ClCompile Include="UnifiedBuffer.cpp">
      <Filter>UnifiedBuffer</Filter>
    </ClCompile>
  </ItemGroup>
</Project>